
Microsoft Visual Studio Solution File, Format Version 12.00
# Visual Studio Version 17
VisualStudioVersion = 17.8.34511.84
MinimumVisualStudioVersion = 10.0.40219.1
Project("{2150E333-8FDC-42A3-9474-1A3956D46DE8}") = "BankingAccount", "BankingAccount", "{9302C53F-36BE-4D83-985B-56A7E15F8EA1}"
EndProject
Project("{2150E333-8FDC-42A3-9474-1A3956D46DE8}") = "Microservice", "Microservice", "{0F9D8C8D-7E4E-4868-86B5-D7F2AF2DF5FE}"
EndProject
Project("{2150E333-8FDC-42A3-9474-1A3956D46DE8}") = "CQRS", "CQRS", "{C1D2EC05-BF51-4DBF-82D0-D2207A0DF320}"
EndProject
Project("{2150E333-8FDC-42A3-9474-1A3956D46DE8}") = "Query", "Query", "{84891DF4-DEE1-4A32-97D2-71DBF175EDF6}"
EndProject
Project("{2150E333-8FDC-42A3-9474-1A3956D46DE8}") = "Command", "Command", "{3CFEDD80-91E7-4550-91A7-43F55A886EBD}"
EndProject
Project("{9A19103F-16F7-4668-BE54-9A1E7A4F7556}") = "Banking.Cqrs.Core", "Banking.Cqrs.Core\Banking.Cqrs.Core.csproj", "{FE4D4C2E-4C33-45DA-8D70-2EA709C07089}"
EndProject
Project("{2150E333-8FDC-42A3-9474-1A3956D46DE8}") = "Api", "Api", "{F4917212-0DD9-40D9-A287-0BD21C82D55D}"
EndProject
Project("{2150E333-8FDC-42A3-9474-1A3956D46DE8}") = "Application", "Application", "{7CD69A81-56B9-431D-B9E5-CFFD276C996A}"
EndProject
Project("{2150E333-8FDC-42A3-9474-1A3956D46DE8}") = "Domain", "Domain", "{907F94D0-C7CE-418F-9207-BE4A46D4658C}"
EndProject
Project("{2150E333-8FDC-42A3-9474-1A3956D46DE8}") = "Infraestructure", "Infraestructure", "{5168A8BB-A27A-4780-9926-A2F8457BC1D5}"
EndProject
Project("{9A19103F-16F7-4668-BE54-9A1E7A4F7556}") = "Banking.Account.Command.Domain", "Banking.Account.Command.Domain\Banking.Account.Command.Domain.csproj", "{744E4D51-93DA-422D-8CC1-0B8EE748A5ED}"
EndProject
Project("{FAE04EC0-301F-11D3-BF4B-00C04F79EFBC}") = "Banking.Account.Command.Application", "Banking.Account.Command.Application\Banking.Account.Command.Application.csproj", "{A1398F16-3B1E-4D65-A589-157E68ED03BC}"
EndProject
Project("{FAE04EC0-301F-11D3-BF4B-00C04F79EFBC}") = "Banking.Account.Command.Infraestructure", "Banking.Account.Command.Infraestructure\Banking.Account.Command.Infraestructure.csproj", "{E1CEF9FC-7FC9-42C2-B155-0360E3133639}"
EndProject
Global
	GlobalSection(SolutionConfigurationPlatforms) = preSolution
		Debug|Any CPU = Debug|Any CPU
		Release|Any CPU = Release|Any CPU
	EndGlobalSection
	GlobalSection(ProjectConfigurationPlatforms) = postSolution
		{FE4D4C2E-4C33-45DA-8D70-2EA709C07089}.Debug|Any CPU.ActiveCfg = Debug|Any CPU
		{FE4D4C2E-4C33-45DA-8D70-2EA709C07089}.Debug|Any CPU.Build.0 = Debug|Any CPU
		{FE4D4C2E-4C33-45DA-8D70-2EA709C07089}.Release|Any CPU.ActiveCfg = Release|Any CPU
		{FE4D4C2E-4C33-45DA-8D70-2EA709C07089}.Release|Any CPU.Build.0 = Release|Any CPU
		{744E4D51-93DA-422D-8CC1-0B8EE748A5ED}.Debug|Any CPU.ActiveCfg = Debug|Any CPU
		{744E4D51-93DA-422D-8CC1-0B8EE748A5ED}.Debug|Any CPU.Build.0 = Debug|Any CPU
		{744E4D51-93DA-422D-8CC1-0B8EE748A5ED}.Release|Any CPU.ActiveCfg = Release|Any CPU
		{744E4D51-93DA-422D-8CC1-0B8EE748A5ED}.Release|Any CPU.Build.0 = Release|Any CPU
		{A1398F16-3B1E-4D65-A589-157E68ED03BC}.Debug|Any CPU.ActiveCfg = Debug|Any CPU
		{A1398F16-3B1E-4D65-A589-157E68ED03BC}.Debug|Any CPU.Build.0 = Debug|Any CPU
		{A1398F16-3B1E-4D65-A589-157E68ED03BC}.Release|Any CPU.ActiveCfg = Release|Any CPU
		{A1398F16-3B1E-4D65-A589-157E68ED03BC}.Release|Any CPU.Build.0 = Release|Any CPU
		{E1CEF9FC-7FC9-42C2-B155-0360E3133639}.Debug|Any CPU.ActiveCfg = Debug|Any CPU
		{E1CEF9FC-7FC9-42C2-B155-0360E3133639}.Debug|Any CPU.Build.0 = Debug|Any CPU
		{E1CEF9FC-7FC9-42C2-B155-0360E3133639}.Release|Any CPU.ActiveCfg = Release|Any CPU
		{E1CEF9FC-7FC9-42C2-B155-0360E3133639}.Release|Any CPU.Build.0 = Release|Any CPU
	EndGlobalSection
	GlobalSection(SolutionProperties) = preSolution
		HideSolutionNode = FALSE
	EndGlobalSection
	GlobalSection(NestedProjects) = preSolution
		{0F9D8C8D-7E4E-4868-86B5-D7F2AF2DF5FE} = {9302C53F-36BE-4D83-985B-56A7E15F8EA1}
		{84891DF4-DEE1-4A32-97D2-71DBF175EDF6} = {0F9D8C8D-7E4E-4868-86B5-D7F2AF2DF5FE}
		{3CFEDD80-91E7-4550-91A7-43F55A886EBD} = {0F9D8C8D-7E4E-4868-86B5-D7F2AF2DF5FE}
		{FE4D4C2E-4C33-45DA-8D70-2EA709C07089} = {C1D2EC05-BF51-4DBF-82D0-D2207A0DF320}
		{F4917212-0DD9-40D9-A287-0BD21C82D55D} = {3CFEDD80-91E7-4550-91A7-43F55A886EBD}
		{7CD69A81-56B9-431D-B9E5-CFFD276C996A} = {3CFEDD80-91E7-4550-91A7-43F55A886EBD}
		{907F94D0-C7CE-418F-9207-BE4A46D4658C} = {3CFEDD80-91E7-4550-91A7-43F55A886EBD}
		{5168A8BB-A27A-4780-9926-A2F8457BC1D5} = {3CFEDD80-91E7-4550-91A7-43F55A886EBD}
		{744E4D51-93DA-422D-8CC1-0B8EE748A5ED} = {907F94D0-C7CE-418F-9207-BE4A46D4658C}
		{A1398F16-3B1E-4D65-A589-157E68ED03BC} = {7CD69A81-56B9-431D-B9E5-CFFD276C996A}
		{E1CEF9FC-7FC9-42C2-B155-0360E3133639} = {5168A8BB-A27A-4780-9926-A2F8457BC1D5}
	EndGlobalSection
	GlobalSection(ExtensibilityGlobals) = postSolution
		SolutionGuid = {D6FC3FEE-3B22-4EA3-BF49-2495A716C0C0}
	EndGlobalSection
EndGlobal
